// !$*UTF8*$!
{
	archiveVersion = 1;
	classes = {
	};
	objectVersion = 46;
	objects = {

/* Begin PBXBuildFile section */
		3C05BB9F1C9DC44E002C30D5 /* main.m in Sources */ = {isa = PBXBuildFile; fileRef = 3C05BB9E1C9DC44E002C30D5 /* main.m */; };
		3C05BBA21C9DC44E002C30D5 /* AppDelegate.m in Sources */ = {isa = PBXBuildFile; fileRef = 3C05BBA11C9DC44E002C30D5 /* AppDelegate.m */; };
		3C05BBA51C9DC44E002C30D5 /* ViewController.m in Sources */ = {isa = PBXBuildFile; fileRef = 3C05BBA41C9DC44E002C30D5 /* ViewController.m */; };
		3C05BBA81C9DC44E002C30D5 /* Main.storyboard in Resources */ = {isa = PBXBuildFile; fileRef = 3C05BBA61C9DC44E002C30D5 /* Main.storyboard */; };
		3C05BBAA1C9DC44E002C30D5 /* Assets.xcassets in Resources */ = {isa = PBXBuildFile; fileRef = 3C05BBA91C9DC44E002C30D5 /* Assets.xcassets */; };
		3C05BBAD1C9DC44E002C30D5 /* LaunchScreen.storyboard in Resources */ = {isa = PBXBuildFile; fileRef = 3C05BBAB1C9DC44E002C30D5 /* LaunchScreen.storyboard */; };
		3C05BBB81C9DC44E002C30D5 /* First_Pick_BaseballTests.m in Sources */ = {isa = PBXBuildFile; fileRef = 3C05BBB71C9DC44E002C30D5 /* First_Pick_BaseballTests.m */; };
		3C05BBC31C9DC44E002C30D5 /* First_Pick_BaseballUITests.m in Sources */ = {isa = PBXBuildFile; fileRef = 3C05BBC21C9DC44E002C30D5 /* First_Pick_BaseballUITests.m */; };
/* End PBXBuildFile section */

/* Begin PBXContainerItemProxy section */
		3C05BBB41C9DC44E002C30D5 /* PBXContainerItemProxy */ = {
			isa = PBXContainerItemProxy;
			containerPortal = 3C05BB921C9DC44E002C30D5 /* Project object */;
			proxyType = 1;
			remoteGlobalIDString = 3C05BB991C9DC44E002C30D5;
			remoteInfo = "First-Pick-Baseball";
		};
		3C05BBBF1C9DC44E002C30D5 /* PBXContainerItemProxy */ = {
			isa = PBXContainerItemProxy;
			containerPortal = 3C05BB921C9DC44E002C30D5 /* Project object */;
			proxyType = 1;
			remoteGlobalIDString = 3C05BB991C9DC44E002C30D5;
			remoteInfo = "First-Pick-Baseball";
		};
/* End PBXContainerItemProxy section */

/* Begin PBXFileReference section */
		3C05BB9A1C9DC44E002C30D5 /* First-Pick-Baseball.app */ = {isa = PBXFileReference; explicitFileType = wrapper.application; includeInIndex = 0; path = "First-Pick-Baseball.app"; sourceTree = BUILT_PRODUCTS_DIR; };
		3C05BB9E1C9DC44E002C30D5 /* main.m */ = {isa = PBXFileReference; lastKnownFileType = sourcecode.c.objc; path = main.m; sourceTree = "<group>"; };
		3C05BBA01C9DC44E002C30D5 /* AppDelegate.h */ = {isa = PBXFileReference; lastKnownFileType = sourcecode.c.h; path = AppDelegate.h; sourceTree = "<group>"; };
		3C05BBA11C9DC44E002C30D5 /* AppDelegate.m */ = {isa = PBXFileReference; lastKnownFileType = sourcecode.c.objc; path = AppDelegate.m; sourceTree = "<group>"; };
		3C05BBA31C9DC44E002C30D5 /* ViewController.h */ = {isa = PBXFileReference; lastKnownFileType = sourcecode.c.h; path = ViewController.h; sourceTree = "<group>"; };
		3C05BBA41C9DC44E002C30D5 /* ViewController.m */ = {isa = PBXFileReference; lastKnownFileType = sourcecode.c.objc; path = ViewController.m; sourceTree = "<group>"; };
		3C05BBA71C9DC44E002C30D5 /* Base */ = {isa = PBXFileReference; lastKnownFileType = file.storyboard; name = Base; path = Base.lproj/Main.storyboard; sourceTree = "<group>"; };
		3C05BBA91C9DC44E002C30D5 /* Assets.xcassets */ = {isa = PBXFileReference; lastKnownFileType = folder.assetcatalog; path = Assets.xcassets; sourceTree = "<group>"; };
		3C05BBAC1C9DC44E002C30D5 /* Base */ = {isa = PBXFileReference; lastKnownFileType = file.storyboard; name = Base; path = Base.lproj/LaunchScreen.storyboard; sourceTree = "<group>"; };
		3C05BBAE1C9DC44E002C30D5 /* Info.plist */ = {isa = PBXFileReference; lastKnownFileType = text.plist.xml; path = Info.plist; sourceTree = "<group>"; };
		3C05BBB31C9DC44E002C30D5 /* First-Pick-BaseballTests.xctest */ = {isa = PBXFileReference; explicitFileType = wrapper.cfbundle; includeInIndex = 0; path = "First-Pick-BaseballTests.xctest"; sourceTree = BUILT_PRODUCTS_DIR; };
		3C05BBB71C9DC44E002C30D5 /* First_Pick_BaseballTests.m */ = {isa = PBXFileReference; lastKnownFileType = sourcecode.c.objc; path = First_Pick_BaseballTests.m; sourceTree = "<group>"; };
		3C05BBB91C9DC44E002C30D5 /* Info.plist */ = {isa = PBXFileReference; lastKnownFileType = text.plist.xml; path = Info.plist; sourceTree = "<group>"; };
		3C05BBBE1C9DC44E002C30D5 /* First-Pick-BaseballUITests.xctest */ = {isa = PBXFileReference; explicitFileType = wrapper.cfbundle; includeInIndex = 0; path = "First-Pick-BaseballUITests.xctest"; sourceTree = BUILT_PRODUCTS_DIR; };
		3C05BBC21C9DC44E002C30D5 /* First_Pick_BaseballUITests.m */ = {isa = PBXFileReference; lastKnownFileType = sourcecode.c.objc; path = First_Pick_BaseballUITests.m; sourceTree = "<group>"; };
		3C05BBC41C9DC44E002C30D5 /* Info.plist */ = {isa = PBXFileReference; lastKnownFileType = text.plist.xml; path = Info.plist; sourceTree = "<group>"; };
/* End PBXFileReference section */

/* Begin PBXFrameworksBuildPhase section */
		3C05BB971C9DC44E002C30D5 /* Frameworks */ = {
			isa = PBXFrameworksBuildPhase;
			buildActionMask = 2147483647;
			files = (
			);
			runOnlyForDeploymentPostprocessing = 0;
		};
		3C05BBB01C9DC44E002C30D5 /* Frameworks */ = {
			isa = PBXFrameworksBuildPhase;
			buildActionMask = 2147483647;
			files = (
			);
			runOnlyForDeploymentPostprocessing = 0;
		};
		3C05BBBB1C9DC44E002C30D5 /* Frameworks */ = {
			isa = PBXFrameworksBuildPhase;
			buildActionMask = 2147483647;
			files = (
			);
			runOnlyForDeploymentPostprocessing = 0;
		};
/* End PBXFrameworksBuildPhase section */

/* Begin PBXGroup section */
		3C05BB911C9DC44E002C30D5 = {
			isa = PBXGroup;
			children = (
				3C05BB9C1C9DC44E002C30D5 /* First-Pick-Baseball */,
				3C05BBB61C9DC44E002C30D5 /* First-Pick-BaseballTests */,
				3C05BBC11C9DC44E002C30D5 /* First-Pick-BaseballUITests */,
				3C05BB9B1C9DC44E002C30D5 /* Products */,
			);
			sourceTree = "<group>";
		};
		3C05BB9B1C9DC44E002C30D5 /* Products */ = {
			isa = PBXGroup;
			children = (
				3C05BB9A1C9DC44E002C30D5 /* First-Pick-Baseball.app */,
				3C05BBB31C9DC44E002C30D5 /* First-Pick-BaseballTests.xctest */,
				3C05BBBE1C9DC44E002C30D5 /* First-Pick-BaseballUITests.xctest */,
			);
			name = Products;
			sourceTree = "<group>";
		};
		3C05BB9C1C9DC44E002C30D5 /* First-Pick-Baseball */ = {
			isa = PBXGroup;
			children = (
				3C05BBA01C9DC44E002C30D5 /* AppDelegate.h */,
				3C05BBA11C9DC44E002C30D5 /* AppDelegate.m */,
				3C05BBA31C9DC44E002C30D5 /* ViewController.h */,
				3C05BBA41C9DC44E002C30D5 /* ViewController.m */,
				3C05BBA61C9DC44E002C30D5 /* Main.storyboard */,
				3C05BBA91C9DC44E002C30D5 /* Assets.xcassets */,
				3C05BBAB1C9DC44E002C30D5 /* LaunchScreen.storyboard */,
				3C05BBAE1C9DC44E002C30D5 /* Info.plist */,
				3C05BB9D1C9DC44E002C30D5 /* Supporting Files */,
			);
			path = "First-Pick-Baseball";
			sourceTree = "<group>";
		};
		3C05BB9D1C9DC44E002C30D5 /* Supporting Files */ = {
			isa = PBXGroup;
			children = (
				3C05BB9E1C9DC44E002C30D5 /* main.m */,
			);
			name = "Supporting Files";
			sourceTree = "<group>";
		};
		3C05BBB61C9DC44E002C30D5 /* First-Pick-BaseballTests */ = {
			isa = PBXGroup;
			children = (
				3C05BBB71C9DC44E002C30D5 /* First_Pick_BaseballTests.m */,
				3C05BBB91C9DC44E002C30D5 /* Info.plist */,
			);
			path = "First-Pick-BaseballTests";
			sourceTree = "<group>";
		};
		3C05BBC11C9DC44E002C30D5 /* First-Pick-BaseballUITests */ = {
			isa = PBXGroup;
			children = (
				3C05BBC21C9DC44E002C30D5 /* First_Pick_BaseballUITests.m */,
				3C05BBC41C9DC44E002C30D5 /* Info.plist */,
			);
			path = "First-Pick-BaseballUITests";
			sourceTree = "<group>";
		};
/* End PBXGroup section */

/* Begin PBXNativeTarget section */
		3C05BB991C9DC44E002C30D5 /* First-Pick-Baseball */ = {
			isa = PBXNativeTarget;
			buildConfigurationList = 3C05BBC71C9DC44E002C30D5 /* Build configuration list for PBXNativeTarget "First-Pick-Baseball" */;
			buildPhases = (
				3C05BB961C9DC44E002C30D5 /* Sources */,
				3C05BB971C9DC44E002C30D5 /* Frameworks */,
				3C05BB981C9DC44E002C30D5 /* Resources */,
			);
			buildRules = (
			);
			dependencies = (
			);
			name = "First-Pick-Baseball";
			productName = "First-Pick-Baseball";
			productReference = 3C05BB9A1C9DC44E002C30D5 /* First-Pick-Baseball.app */;
			productType = "com.apple.product-type.application";
		};
		3C05BBB21C9DC44E002C30D5 /* First-Pick-BaseballTests */ = {
			isa = PBXNativeTarget;
			buildConfigurationList = 3C05BBCA1C9DC44E002C30D5 /* Build configuration list for PBXNativeTarget "First-Pick-BaseballTests" */;
			buildPhases = (
				3C05BBAF1C9DC44E002C30D5 /* Sources */,
				3C05BBB01C9DC44E002C30D5 /* Frameworks */,
				3C05BBB11C9DC44E002C30D5 /* Resources */,
			);
			buildRules = (
			);
			dependencies = (
				3C05BBB51C9DC44E002C30D5 /* PBXTargetDependency */,
			);
			name = "First-Pick-BaseballTests";
			productName = "First-Pick-BaseballTests";
			productReference = 3C05BBB31C9DC44E002C30D5 /* First-Pick-BaseballTests.xctest */;
			productType = "com.apple.product-type.bundle.unit-test";
		};
		3C05BBBD1C9DC44E002C30D5 /* First-Pick-BaseballUITests */ = {
			isa = PBXNativeTarget;
			buildConfigurationList = 3C05BBCD1C9DC44E002C30D5 /* Build configuration list for PBXNativeTarget "First-Pick-BaseballUITests" */;
			buildPhases = (
				3C05BBBA1C9DC44E002C30D5 /* Sources */,
				3C05BBBB1C9DC44E002C30D5 /* Frameworks */,
				3C05BBBC1C9DC44E002C30D5 /* Resources */,
			);
			buildRules = (
			);
			dependencies = (
				3C05BBC01C9DC44E002C30D5 /* PBXTargetDependency */,
			);
			name = "First-Pick-BaseballUITests";
			productName = "First-Pick-BaseballUITests";
			productReference = 3C05BBBE1C9DC44E002C30D5 /* First-Pick-BaseballUITests.xctest */;
			productType = "com.apple.product-type.bundle.ui-testing";
		};
/* End PBXNativeTarget section */

/* Begin PBXProject section */
		3C05BB921C9DC44E002C30D5 /* Project object */ = {
			isa = PBXProject;
			attributes = {
				LastUpgradeCheck = 0720;
				ORGANIZATIONNAME = SFHackDay;
				TargetAttributes = {
					3C05BB991C9DC44E002C30D5 = {
						CreatedOnToolsVersion = 7.2;
					};
					3C05BBB21C9DC44E002C30D5 = {
						CreatedOnToolsVersion = 7.2;
						TestTargetID = 3C05BB991C9DC44E002C30D5;
					};
					3C05BBBD1C9DC44E002C30D5 = {
						CreatedOnToolsVersion = 7.2;
						TestTargetID = 3C05BB991C9DC44E002C30D5;
					};
				};
			};
			buildConfigurationList = 3C05BB951C9DC44E002C30D5 /* Build configuration list for PBXProject "First-Pick-Baseball" */;
			compatibilityVersion = "Xcode 3.2";
			developmentRegion = English;
			hasScannedForEncodings = 0;
			knownRegions = (
				en,
				Base,
			);
			mainGroup = 3C05BB911C9DC44E002C30D5;
			productRefGroup = 3C05BB9B1C9DC44E002C30D5 /* Products */;
			projectDirPath = "";
			projectRoot = "";
			targets = (
				3C05BB991C9DC44E002C30D5 /* First-Pick-Baseball */,
				3C05BBB21C9DC44E002C30D5 /* First-Pick-BaseballTests */,
				3C05BBBD1C9DC44E002C30D5 /* First-Pick-BaseballUITests */,
			);
		};
/* End PBXProject section */

/* Begin PBXResourcesBuildPhase section */
		3C05BB981C9DC44E002C30D5 /* Resources */ = {
			isa = PBXResourcesBuildPhase;
			buildActionMask = 2147483647;
			files = (
				3C05BBAD1C9DC44E002C30D5 /* LaunchScreen.storyboard in Resources */,
				3C05BBAA1C9DC44E002C30D5 /* Assets.xcassets in Resources */,
				3C05BBA81C9DC44E002C30D5 /* Main.storyboard in Resources */,
			);
			runOnlyForDeploymentPostprocessing = 0;
		};
		3C05BBB11C9DC44E002C30D5 /* Resources */ = {
			isa = PBXResourcesBuildPhase;
			buildActionMask = 2147483647;
			files = (
			);
			runOnlyForDeploymentPostprocessing = 0;
		};
		3C05BBBC1C9DC44E002C30D5 /* Resources */ = {
			isa = PBXResourcesBuildPhase;
			buildActionMask = 2147483647;
			files = (
			);
			runOnlyForDeploymentPostprocessing = 0;
		};
/* End PBXResourcesBuildPhase section */

/* Begin PBXSourcesBuildPhase section */
		3C05BB961C9DC44E002C30D5 /* Sources */ = {
			isa = PBXSourcesBuildPhase;
			buildActionMask = 2147483647;
			files = (
				3C05BBA51C9DC44E002C30D5 /* ViewController.m in Sources */,
				3C05BBA21C9DC44E002C30D5 /* AppDelegate.m in Sources */,
				3C05BB9F1C9DC44E002C30D5 /* main.m in Sources */,
			);
			runOnlyForDeploymentPostprocessing = 0;
		};
		3C05BBAF1C9DC44E002C30D5 /* Sources */ = {
			isa = PBXSourcesBuildPhase;
			buildActionMask = 2147483647;
			files = (
				3C05BBB81C9DC44E002C30D5 /* First_Pick_BaseballTests.m in Sources */,
			);
			runOnlyForDeploymentPostprocessing = 0;
		};
		3C05BBBA1C9DC44E002C30D5 /* Sources */ = {
			isa = PBXSourcesBuildPhase;
			buildActionMask = 2147483647;
			files = (
				3C05BBC31C9DC44E002C30D5 /* First_Pick_BaseballUITests.m in Sources */,
			);
			runOnlyForDeploymentPostprocessing = 0;
		};
/* End PBXSourcesBuildPhase section */

/* Begin PBXTargetDependency section */
		3C05BBB51C9DC44E002C30D5 /* PBXTargetDependency */ = {
			isa = PBXTargetDependency;
			target = 3C05BB991C9DC44E002C30D5 /* First-Pick-Baseball */;
			targetProxy = 3C05BBB41C9DC44E002C30D5 /* PBXContainerItemProxy */;
		};
		3C05BBC01C9DC44E002C30D5 /* PBXTargetDependency */ = {
			isa = PBXTargetDependency;
			target = 3C05BB991C9DC44E002C30D5 /* First-Pick-Baseball */;
			targetProxy = 3C05BBBF1C9DC44E002C30D5 /* PBXContainerItemProxy */;
		};
/* End PBXTargetDependency section */

/* Begin PBXVariantGroup section */
		3C05BBA61C9DC44E002C30D5 /* Main.storyboard */ = {
			isa = PBXVariantGroup;
			children = (
				3C05BBA71C9DC44E002C30D5 /* Base */,
			);
			name = Main.storyboard;
			sourceTree = "<group>";
		};
		3C05BBAB1C9DC44E002C30D5 /* LaunchScreen.storyboard */ = {
			isa = PBXVariantGroup;
			children = (
				3C05BBAC1C9DC44E002C30D5 /* Base */,
			);
			name = LaunchScreen.storyboard;
			sourceTree = "<group>";
		};
/* End PBXVariantGroup section */

/* Begin XCBuildConfiguration section */
		3C05BBC51C9DC44E002C30D5 /* Debug */ = {
			isa = XCBuildConfiguration;
			buildSettings = {
				ALWAYS_SEARCH_USER_PATHS = NO;
				CLANG_CXX_LANGUAGE_STANDARD = "gnu++0x";
				CLANG_CXX_LIBRARY = "libc++";
				CLANG_ENABLE_MODULES = YES;
				CLANG_ENABLE_OBJC_ARC = YES;
				CLANG_WARN_BOOL_CONVERSION = YES;
				CLANG_WARN_CONSTANT_CONVERSION = YES;
				CLANG_WARN_DIRECT_OBJC_ISA_USAGE = YES_ERROR;
				CLANG_WARN_EMPTY_BODY = YES;
				CLANG_WARN_ENUM_CONVERSION = YES;
				CLANG_WARN_INT_CONVERSION = YES;
				CLANG_WARN_OBJC_ROOT_CLASS = YES_ERROR;
				CLANG_WARN_UNREACHABLE_CODE = YES;
				CLANG_WARN__DUPLICATE_METHOD_MATCH = YES;
				"CODE_SIGN_IDENTITY[sdk=iphoneos*]" = "iPhone Developer";
				COPY_PHASE_STRIP = NO;
				DEBUG_INFORMATION_FORMAT = dwarf;
				ENABLE_STRICT_OBJC_MSGSEND = YES;
				ENABLE_TESTABILITY = YES;
				GCC_C_LANGUAGE_STANDARD = gnu99;
				GCC_DYNAMIC_NO_PIC = NO;
				GCC_NO_COMMON_BLOCKS = YES;
				GCC_OPTIMIZATION_LEVEL = 0;
				GCC_PREPROCESSOR_DEFINITIONS = (
					"DEBUG=1",
					"$(inherited)",
				);
				GCC_WARN_64_TO_32_BIT_CONVERSION = YES;
				GCC_WARN_ABOUT_RETURN_TYPE = YES_ERROR;
				GCC_WARN_UNDECLARED_SELECTOR = YES;
				GCC_WARN_UNINITIALIZED_AUTOS = YES_AGGRESSIVE;
				GCC_WARN_UNUSED_FUNCTION = YES;
				GCC_WARN_UNUSED_VARIABLE = YES;
				IPHONEOS_DEPLOYMENT_TARGET = 9.2;
				MTL_ENABLE_DEBUG_INFO = YES;
				ONLY_ACTIVE_ARCH = YES;
				SDKROOT = iphoneos;
			};
			name = Debug;
		};
		3C05BBC61C9DC44E002C30D5 /* Release */ = {
			isa = XCBuildConfiguration;
			buildSettings = {
				ALWAYS_SEARCH_USER_PATHS = NO;
				CLANG_CXX_LANGUAGE_STANDARD = "gnu++0x";
				CLANG_CXX_LIBRARY = "libc++";
				CLANG_ENABLE_MODULES = YES;
				CLANG_ENABLE_OBJC_ARC = YES;
				CLANG_WARN_BOOL_CONVERSION = YES;
				CLANG_WARN_CONSTANT_CONVERSION = YES;
				CLANG_WARN_DIRECT_OBJC_ISA_USAGE = YES_ERROR;
				CLANG_WARN_EMPTY_BODY = YES;
				CLANG_WARN_ENUM_CONVERSION = YES;
				CLANG_WARN_INT_CONVERSION = YES;
				CLANG_WARN_OBJC_ROOT_CLASS = YES_ERROR;
				CLANG_WARN_UNREACHABLE_CODE = YES;
				CLANG_WARN__DUPLICATE_METHOD_MATCH = YES;
				"CODE_SIGN_IDENTITY[sdk=iphoneos*]" = "iPhone Developer";
				COPY_PHASE_STRIP = NO;
				DEBUG_INFORMATION_FORMAT = "dwarf-with-dsym";
				ENABLE_NS_ASSERTIONS = NO;
				ENABLE_STRICT_OBJC_MSGSEND = YES;
				GCC_C_LANGUAGE_STANDARD = gnu99;
				GCC_NO_COMMON_BLOCKS = YES;
				GCC_WARN_64_TO_32_BIT_CONVERSION = YES;
				GCC_WARN_ABOUT_RETURN_TYPE = YES_ERROR;
				GCC_WARN_UNDECLARED_SELECTOR = YES;
				GCC_WARN_UNINITIALIZED_AUTOS = YES_AGGRESSIVE;
				GCC_WARN_UNUSED_FUNCTION = YES;
				GCC_WARN_UNUSED_VARIABLE = YES;
				IPHONEOS_DEPLOYMENT_TARGET = 9.2;
				MTL_ENABLE_DEBUG_INFO = NO;
				SDKROOT = iphoneos;
				VALIDATE_PRODUCT = YES;
			};
			name = Release;
		};
		3C05BBC81C9DC44E002C30D5 /* Debug */ = {
			isa = XCBuildConfiguration;
			buildSettings = {
				ASSETCATALOG_COMPILER_APPICON_NAME = AppIcon;
				INFOPLIST_FILE = "First-Pick-Baseball/Info.plist";
				LD_RUNPATH_SEARCH_PATHS = "$(inherited) @executable_path/Frameworks";
				PRODUCT_BUNDLE_IDENTIFIER = "com.SFHackDay.First-Pick-Baseball";
				PRODUCT_NAME = "$(TARGET_NAME)";
			};
			name = Debug;
		};
		3C05BBC91C9DC44E002C30D5 /* Release */ = {
			isa = XCBuildConfiguration;
			buildSettings = {
				ASSETCATALOG_COMPILER_APPICON_NAME = AppIcon;
				INFOPLIST_FILE = "First-Pick-Baseball/Info.plist";
				LD_RUNPATH_SEARCH_PATHS = "$(inherited) @executable_path/Frameworks";
				PRODUCT_BUNDLE_IDENTIFIER = "com.SFHackDay.First-Pick-Baseball";
				PRODUCT_NAME = "$(TARGET_NAME)";
			};
			name = Release;
		};
		3C05BBCB1C9DC44E002C30D5 /* Debug */ = {
			isa = XCBuildConfiguration;
			buildSettings = {
				BUNDLE_LOADER = "$(TEST_HOST)";
				INFOPLIST_FILE = "First-Pick-BaseballTests/Info.plist";
				LD_RUNPATH_SEARCH_PATHS = "$(inherited) @executable_path/Frameworks @loader_path/Frameworks";
				PRODUCT_BUNDLE_IDENTIFIER = "com.SFHackDay.First-Pick-BaseballTests";
				PRODUCT_NAME = "$(TARGET_NAME)";
				TEST_HOST = "$(BUILT_PRODUCTS_DIR)/First-Pick-Baseball.app/First-Pick-Baseball";
			};
			name = Debug;
		};
		3C05BBCC1C9DC44E002C30D5 /* Release */ = {
			isa = XCBuildConfiguration;
			buildSettings = {
				BUNDLE_LOADER = "$(TEST_HOST)";
				INFOPLIST_FILE = "First-Pick-BaseballTests/Info.plist";
				LD_RUNPATH_SEARCH_PATHS = "$(inherited) @executable_path/Frameworks @loader_path/Frameworks";
				PRODUCT_BUNDLE_IDENTIFIER = "com.SFHackDay.First-Pick-BaseballTests";
				PRODUCT_NAME = "$(TARGET_NAME)";
				TEST_HOST = "$(BUILT_PRODUCTS_DIR)/First-Pick-Baseball.app/First-Pick-Baseball";
			};
			name = Release;
		};
		3C05BBCE1C9DC44E002C30D5 /* Debug */ = {
			isa = XCBuildConfiguration;
			buildSettings = {
				INFOPLIST_FILE = "First-Pick-BaseballUITests/Info.plist";
				LD_RUNPATH_SEARCH_PATHS = "$(inherited) @executable_path/Frameworks @loader_path/Frameworks";
				PRODUCT_BUNDLE_IDENTIFIER = "com.SFHackDay.First-Pick-BaseballUITests";
				PRODUCT_NAME = "$(TARGET_NAME)";
				TEST_TARGET_NAME = "First-Pick-Baseball";
				USES_XCTRUNNER = YES;
			};
			name = Debug;
		};
		3C05BBCF1C9DC44E002C30D5 /* Release */ = {
			isa = XCBuildConfiguration;
			buildSettings = {
				INFOPLIST_FILE = "First-Pick-BaseballUITests/Info.plist";
				LD_RUNPATH_SEARCH_PATHS = "$(inherited) @executable_path/Frameworks @loader_path/Frameworks";
				PRODUCT_BUNDLE_IDENTIFIER = "com.SFHackDay.First-Pick-BaseballUITests";
				PRODUCT_NAME = "$(TARGET_NAME)";
				TEST_TARGET_NAME = "First-Pick-Baseball";
				USES_XCTRUNNER = YES;
			};
			name = Release;
		};
/* End XCBuildConfiguration section */

/* Begin XCConfigurationList section */
		3C05BB951C9DC44E002C30D5 /* Build configuration list for PBXProject "First-Pick-Baseball" */ = {
			isa = XCConfigurationList;
			buildConfigurations = (
				3C05BBC51C9DC44E002C30D5 /* Debug */,
				3C05BBC61C9DC44E002C30D5 /* Release */,
			);
			defaultConfigurationIsVisible = 0;
			defaultConfigurationName = Release;
		};
		3C05BBC71C9DC44E002C30D5 /* Build configuration list for PBXNativeTarget "First-Pick-Baseball" */ = {
			isa = XCConfigurationList;
			buildConfigurations = (
				3C05BBC81C9DC44E002C30D5 /* Debug */,
				3C05BBC91C9DC44E002C30D5 /* Release */,
			);
			defaultConfigurationIsVisible = 0;
		};
		3C05BBCA1C9DC44E002C30D5 /* Build configuration list for PBXNativeTarget "First-Pick-BaseballTests" */ = {
			isa = XCConfigurationList;
			buildConfigurations = (
				3C05BBCB1C9DC44E002C30D5 /* Debug */,
				3C05BBCC1C9DC44E002C30D5 /* Release */,
			);
			defaultConfigurationIsVisible = 0;
		};
		3C05BBCD1C9DC44E002C30D5 /* Build configuration list for PBXNativeTarget "First-Pick-BaseballUITests" */ = {
			isa = XCConfigurationList;
			buildConfigurations = (
				3C05BBCE1C9DC44E002C30D5 /* Debug */,
				3C05BBCF1C9DC44E002C30D5 /* Release */,
			);
			defaultConfigurationIsVisible = 0;
		};
/* End XCConfigurationList section */
	};
	rootObject = 3C05BB921C9DC44E002C30D5 /* Project object */;
}
